Microsoft Visual Studio Solution File, Format Version 11.00
# Visual Studio 2008

Project("{CC3ABCF4-426B-FF80-257D-22999D0EDA8F}") = "Room", "Assembly-CSharp-firstpass.csproj", "{4DB9B268-66B0-B07C-AA1D-1C586A6DC294}"
EndProject
Project("{CC3ABCF4-426B-FF80-257D-22999D0EDA8F}") = "Room", "Assembly-UnityScript-firstpass.unityproj", "{5D24D313-0F78-24B8-34FB-56401AC23113}"
EndProject
Project("{CC3ABCF4-426B-FF80-257D-22999D0EDA8F}") = "Room", "Assembly-UnityScript.unityproj", "{AFEDF8F6-ABE9-78E5-6833-AD282F52ACAF}"
EndProject
Global
	GlobalSection(SolutionConfigurationPlatforms) = preSolution
		Debug|Any CPU = Debug|Any CPU
		Release|Any CPU = Release|Any CPU
	EndGlobalSection
	GlobalSection(ProjectConfigurationPlatforms) = postSolution
		{4DB9B268-66B0-B07C-AA1D-1C586A6DC294}.Debug|Any CPU.ActiveCfg = Debug|Any CPU
		{4DB9B268-66B0-B07C-AA1D-1C586A6DC294}.Debug|Any CPU.Build.0 = Debug|Any CPU
		{4DB9B268-66B0-B07C-AA1D-1C586A6DC294}.Release|Any CPU.ActiveCfg = Release|Any CPU
		{4DB9B268-66B0-B07C-AA1D-1C586A6DC294}.Release|Any CPU.Build.0 = Release|Any CPU
		{5D24D313-0F78-24B8-34FB-56401AC23113}.Debug|Any CPU.ActiveCfg = Debug|Any CPU
		{5D24D313-0F78-24B8-34FB-56401AC23113}.Debug|Any CPU.Build.0 = Debug|Any CPU
		{5D24D313-0F78-24B8-34FB-56401AC23113}.Release|Any CPU.ActiveCfg = Release|Any CPU
		{5D24D313-0F78-24B8-34FB-56401AC23113}.Release|Any CPU.Build.0 = Release|Any CPU
		{AFEDF8F6-ABE9-78E5-6833-AD282F52ACAF}.Debug|Any CPU.ActiveCfg = Debug|Any CPU
		{AFEDF8F6-ABE9-78E5-6833-AD282F52ACAF}.Debug|Any CPU.Build.0 = Debug|Any CPU
		{AFEDF8F6-ABE9-78E5-6833-AD282F52ACAF}.Release|Any CPU.ActiveCfg = Release|Any CPU
		{AFEDF8F6-ABE9-78E5-6833-AD282F52ACAF}.Release|Any CPU.Build.0 = Release|Any CPU
	EndGlobalSection
	GlobalSection(SolutionProperties) = preSolution
		HideSolutionNode = FALSE
	EndGlobalSection
																						GlobalSection(MonoDevelopProperties) = preSolution
		StartupItem = Assembly-CSharp.csproj
		Policies = $0
		$0.TextStylePolicy = $1
		$1.inheritsSet = null
		$1.scope = text/x-csharp
		$0.CSharpFormattingPolicy = $2
		$2.inheritsSet = Mono
		$2.inheritsScope = text/x-csharp
		$2.scope = text/x-csharp
		$0.TextStylePolicy = $3
		$3.FileWidth = 120
		$3.TabWidth = 4
		$3.EolMarker = Unix
		$3.inheritsSet = Mono
		$3.inheritsScope = text/plain
		$3.scope = text/plain
	EndGlobalSection

EndGlobal
